{
  "version": 4,
  "terraform_version": "1.5.2",
  "serial": 4,
  "lineage": "aa58b076-bf79-266b-630e-dd7340f83916",
  "outputs": {},
  "resources": [
    {
      "mode": "managed",
      "type": "newrelic_alert_policy",
      "name": "my_policy",
      "provider": "provider[\"registry.terraform.io/newrelic/newrelic\"]",
      "instances": [
        {
          "schema_version": 0,
          "attributes": {
            "account_id": 4043635,
            "channel_ids": null,
            "id": "4572050",
            "incident_preference": "PER_POLICY",
            "name": "shiwam_policy"
          },
          "sensitive_attributes": [],
          "private": "bnVsbA=="
        }
      ]
    }
  ],
  "check_results": null
}
